{
  "nodes": {
    "nixpkgs": {
      "locked": {
        "lastModified": 1757347588,
        "narHash": "sha256-tLdkkC6XnsY9EOZW9TlpesTclELy8W7lL2ClL+nma8o=",
        "rev": "b599843bad24621dcaa5ab60dac98f9b0eb1cabe",
        "revCount": 858212,
        "type": "tarball",
        "url": "https://api.flakehub.com/f/pinned/NixOS/nixpkgs/0.1.858212%2Brev-b599843bad24621dcaa5ab60dac98f9b0eb1cabe/01992e5d-548e-7231-8669-92a393e208fa/source.tar.gz"
      },
      "original": {
        "type": "tarball",
        "url": "https://flakehub.com/f/NixOS/nixpkgs/0.1"
      }
    },
    "root": {
      "inputs": {
        "nixpkgs": "nixpkgs",
        "rust-overlay": "rust-overlay"
      }
    },
    "rust-overlay": {
      "inputs": {
        "nixpkgs": [
          "nixpkgs"
        ]
      },
      "locked": {
        "lastModified": 1757385309,
        "narHash": "sha256-5n5t+xxZRIqMsOScSE2GuUuKOUzoSasB/ggPztLzehg=",
        "owner": "oxalica",
        "repo": "rust-overlay",
        "rev": "d4b1e1764eb2d63898d8fb2bbba9529adf5b1fb2",
        "type": "github"
      },
      "original": {
        "owner": "oxalica",
        "repo": "rust-overlay",
        "type": "github"
      }
    }
  },
  "root": "root",
  "version": 7
}
